
Microsoft Visual Studio Solution File, Format Version 12.00
# Visual Studio Version 17
VisualStudioVersion = 17.0.32014.148
MinimumVisualStudioVersion = 10.0.40219.1
Project("{FAE04EC0-301F-11D3-BF4B-00C04F79EFBC}") = "HomeWork1", "HomeWork1\HomeWork1.csproj", "{7C90F427-4780-4421-A91F-AF180B5D1B0C}"
EndProject
Global
	GlobalSection(SolutionConfigurationPlatforms) = preSolution
		Debug|Any CPU = Debug|Any CPU
		Release|Any CPU = Release|Any CPU
	EndGlobalSection
	GlobalSection(ProjectConfigurationPlatforms) = postSolution
		{7C90F427-4780-4421-A91F-AF180B5D1B0C}.Debug|Any CPU.ActiveCfg = Debug|Any CPU
		{7C90F427-4780-4421-A91F-AF180B5D1B0C}.Debug|Any CPU.Build.0 = Debug|Any CPU
		{7C90F427-4780-4421-A91F-AF180B5D1B0C}.Release|Any CPU.ActiveCfg = Release|Any CPU
		{7C90F427-4780-4421-A91F-AF180B5D1B0C}.Release|Any CPU.Build.0 = Release|Any CPU
	EndGlobalSection
	GlobalSection(SolutionProperties) = preSolution
		HideSolutionNode = FALSE
	EndGlobalSection
	GlobalSection(ExtensibilityGlobals) = postSolution
		SolutionGuid = {05CFA3A6-C5CF-4DBD-B721-1F0E574090DA}
	EndGlobalSection
EndGlobal
